// !$*UTF8*$!
{
	archiveVersion = 1;
	classes = {
	};
	objectVersion = 77;
	objects = {

/* Begin PBXContainerItemProxy section */
		D5D7216F2DAEF8C800A9818E /* PBXContainerItemProxy */ = {
			isa = PBXContainerItemProxy;
			containerPortal = D5D721592DAEF8C300A9818E /* Project object */;
			proxyType = 1;
			remoteGlobalIDString = D5D721602DAEF8C300A9818E;
			remoteInfo = HW5Q5;
		};
		D5D721792DAEF8C800A9818E /* PBXContainerItemProxy */ = {
			isa = PBXContainerItemProxy;
			containerPortal = D5D721592DAEF8C300A9818E /* Project object */;
			proxyType = 1;
			remoteGlobalIDString = D5D721602DAEF8C300A9818E;
			remoteInfo = HW5Q5;
		};
/* End PBXContainerItemProxy section */

/* Begin PBXFileReference section */
		D5D721612DAEF8C300A9818E /* HW5Q5.app */ = {isa = PBXFileReference; explicitFileType = wrapper.application; includeInIndex = 0; path = HW5Q5.app; sourceTree = BUILT_PRODUCTS_DIR; };
		D5D7216E2DAEF8C800A9818E /* HW5Q5Tests.xctest */ = {isa = PBXFileReference; explicitFileType = wrapper.cfbundle; includeInIndex = 0; path = HW5Q5Tests.xctest; sourceTree = BUILT_PRODUCTS_DIR; };
		D5D721782DAEF8C800A9818E /* HW5Q5UITests.xctest */ = {isa = PBXFileReference; explicitFileType = wrapper.cfbundle; includeInIndex = 0; path = HW5Q5UITests.xctest; sourceTree = BUILT_PRODUCTS_DIR; };
/* End PBXFileReference section */

/* Begin PBXFileSystemSynchronizedRootGroup section */
		D5D721632DAEF8C300A9818E /* HW5Q5 */ = {
			isa = PBXFileSystemSynchronizedRootGroup;
			path = HW5Q5;
			sourceTree = "<group>";
		};
		D5D721712DAEF8C800A9818E /* HW5Q5Tests */ = {
			isa = PBXFileSystemSynchronizedRootGroup;
			path = HW5Q5Tests;
			sourceTree = "<group>";
		};
		D5D7217B2DAEF8C800A9818E /* HW5Q5UITests */ = {
			isa = PBXFileSystemSynchronizedRootGroup;
			path = HW5Q5UITests;
			sourceTree = "<group>";
		};
/* End PBXFileSystemSynchronizedRootGroup section */

/* Begin PBXFrameworksBuildPhase section */
		D5D7215E2DAEF8C300A9818E /* Frameworks */ = {
			isa = PBXFrameworksBuildPhase;
			buildActionMask = 2147483647;
			files = (
			);
			runOnlyForDeploymentPostprocessing = 0;
		};
		D5D7216B2DAEF8C800A9818E /* Frameworks */ = {
			isa = PBXFrameworksBuildPhase;
			buildActionMask = 2147483647;
			files = (
			);
			runOnlyForDeploymentPostprocessing = 0;
		};
		D5D721752DAEF8C800A9818E /* Frameworks */ = {
			isa = PBXFrameworksBuildPhase;
			buildActionMask = 2147483647;
			files = (
			);
			runOnlyForDeploymentPostprocessing = 0;
		};
/* End PBXFrameworksBuildPhase section */

/* Begin PBXGroup section */
		D5D721582DAEF8C300A9818E = {
			isa = PBXGroup;
			children = (
				D5D721632DAEF8C300A9818E /* HW5Q5 */,
				D5D721712DAEF8C800A9818E /* HW5Q5Tests */,
				D5D7217B2DAEF8C800A9818E /* HW5Q5UITests */,
				D5D721622DAEF8C300A9818E /* Products */,
			);
			sourceTree = "<group>";
		};
		D5D721622DAEF8C300A9818E /* Products */ = {
			isa = PBXGroup;
			children = (
				D5D721612DAEF8C300A9818E /* HW5Q5.app */,
				D5D7216E2DAEF8C800A9818E /* HW5Q5Tests.xctest */,
				D5D721782DAEF8C800A9818E /* HW5Q5UITests.xctest */,
			);
			name = Products;
			sourceTree = "<group>";
		};
/* End PBXGroup section */

/* Begin PBXNativeTarget section */
		D5D721602DAEF8C300A9818E /* HW5Q5 */ = {
			isa = PBXNativeTarget;
			buildConfigurationList = D5D721822DAEF8C800A9818E /* Build configuration list for PBXNativeTarget "HW5Q5" */;
			buildPhases = (
				D5D7215D2DAEF8C300A9818E /* Sources */,
				D5D7215E2DAEF8C300A9818E /* Frameworks */,
				D5D7215F2DAEF8C300A9818E /* Resources */,
			);
			buildRules = (
			);
			dependencies = (
			);
			fileSystemSynchronizedGroups = (
				D5D721632DAEF8C300A9818E /* HW5Q5 */,
			);
			name = HW5Q5;
			packageProductDependencies = (
			);
			productName = HW5Q5;
			productReference = D5D721612DAEF8C300A9818E /* HW5Q5.app */;
			productType = "com.apple.product-type.application";
		};
		D5D7216D2DAEF8C800A9818E /* HW5Q5Tests */ = {
			isa = PBXNativeTarget;
			buildConfigurationList = D5D721852DAEF8C800A9818E /* Build configuration list for PBXNativeTarget "HW5Q5Tests" */;
			buildPhases = (
				D5D7216A2DAEF8C800A9818E /* Sources */,
				D5D7216B2DAEF8C800A9818E /* Frameworks */,
				D5D7216C2DAEF8C800A9818E /* Resources */,
			);
			buildRules = (
			);
			dependencies = (
				D5D721702DAEF8C800A9818E /* PBXTargetDependency */,
			);
			fileSystemSynchronizedGroups = (
				D5D721712DAEF8C800A9818E /* HW5Q5Tests */,
			);
			name = HW5Q5Tests;
			packageProductDependencies = (
			);
			productName = HW5Q5Tests;
			productReference = D5D7216E2DAEF8C800A9818E /* HW5Q5Tests.xctest */;
			productType = "com.apple.product-type.bundle.unit-test";
		};
		D5D721772DAEF8C800A9818E /* HW5Q5UITests */ = {
			isa = PBXNativeTarget;
			buildConfigurationList = D5D721882DAEF8C800A9818E /* Build configuration list for PBXNativeTarget "HW5Q5UITests" */;
			buildPhases = (
				D5D721742DAEF8C800A9818E /* Sources */,
				D5D721752DAEF8C800A9818E /* Frameworks */,
				D5D721762DAEF8C800A9818E /* Resources */,
			);
			buildRules = (
			);
			dependencies = (
				D5D7217A2DAEF8C800A9818E /* PBXTargetDependency */,
			);
			fileSystemSynchronizedGroups = (
				D5D7217B2DAEF8C800A9818E /* HW5Q5UITests */,
			);
			name = HW5Q5UITests;
			packageProductDependencies = (
			);
			productName = HW5Q5UITests;
			productReference = D5D721782DAEF8C800A9818E /* HW5Q5UITests.xctest */;
			productType = "com.apple.product-type.bundle.ui-testing";
		};
/* End PBXNativeTarget section */

/* Begin PBXProject section */
		D5D721592DAEF8C300A9818E /* Project object */ = {
			isa = PBXProject;
			attributes = {
				BuildIndependentTargetsInParallel = 1;
				LastSwiftUpdateCheck = 1630;
				LastUpgradeCheck = 1630;
				TargetAttributes = {
					D5D721602DAEF8C300A9818E = {
						CreatedOnToolsVersion = 16.3;
					};
					D5D7216D2DAEF8C800A9818E = {
						CreatedOnToolsVersion = 16.3;
						TestTargetID = D5D721602DAEF8C300A9818E;
					};
					D5D721772DAEF8C800A9818E = {
						CreatedOnToolsVersion = 16.3;
						TestTargetID = D5D721602DAEF8C300A9818E;
					};
				};
			};
			buildConfigurationList = D5D7215C2DAEF8C300A9818E /* Build configuration list for PBXProject "HW5Q5" */;
			developmentRegion = en;
			hasScannedForEncodings = 0;
			knownRegions = (
				en,
				Base,
			);
			mainGroup = D5D721582DAEF8C300A9818E;
			minimizedProjectReferenceProxies = 1;
			preferredProjectObjectVersion = 77;
			productRefGroup = D5D721622DAEF8C300A9818E /* Products */;
			projectDirPath = "";
			projectRoot = "";
			targets = (
				D5D721602DAEF8C300A9818E /* HW5Q5 */,
				D5D7216D2DAEF8C800A9818E /* HW5Q5Tests */,
				D5D721772DAEF8C800A9818E /* HW5Q5UITests */,
			);
		};
/* End PBXProject section */

/* Begin PBXResourcesBuildPhase section */
		D5D7215F2DAEF8C300A9818E /* Resources */ = {
			isa = PBXResourcesBuildPhase;
			buildActionMask = 2147483647;
			files = (
			);
			runOnlyForDeploymentPostprocessing = 0;
		};
		D5D7216C2DAEF8C800A9818E /* Resources */ = {
			isa = PBXResourcesBuildPhase;
			buildActionMask = 2147483647;
			files = (
			);
			runOnlyForDeploymentPostprocessing = 0;
		};
		D5D721762DAEF8C800A9818E /* Resources */ = {
			isa = PBXResourcesBuildPhase;
			buildActionMask = 2147483647;
			files = (
			);
			runOnlyForDeploymentPostprocessing = 0;
		};
/* End PBXResourcesBuildPhase section */

/* Begin PBXSourcesBuildPhase section */
		D5D7215D2DAEF8C300A9818E /* Sources */ = {
			isa = PBXSourcesBuildPhase;
			buildActionMask = 2147483647;
			files = (
			);
			runOnlyForDeploymentPostprocessing = 0;
		};
		D5D7216A2DAEF8C800A9818E /* Sources */ = {
			isa = PBXSourcesBuildPhase;
			buildActionMask = 2147483647;
			files = (
			);
			runOnlyForDeploymentPostprocessing = 0;
		};
		D5D721742DAEF8C800A9818E /* Sources */ = {
			isa = PBXSourcesBuildPhase;
			buildActionMask = 2147483647;
			files = (
			);
			runOnlyForDeploymentPostprocessing = 0;
		};
/* End PBXSourcesBuildPhase section */

/* Begin PBXTargetDependency section */
		D5D721702DAEF8C800A9818E /* PBXTargetDependency */ = {
			isa = PBXTargetDependency;
			target = D5D721602DAEF8C300A9818E /* HW5Q5 */;
			targetProxy = D5D7216F2DAEF8C800A9818E /* PBXContainerItemProxy */;
		};
		D5D7217A2DAEF8C800A9818E /* PBXTargetDependency */ = {
			isa = PBXTargetDependency;
			target = D5D721602DAEF8C300A9818E /* HW5Q5 */;
			targetProxy = D5D721792DAEF8C800A9818E /* PBXContainerItemProxy */;
		};
/* End PBXTargetDependency section */

/* Begin XCBuildConfiguration section */
		D5D721802DAEF8C800A9818E /* Debug */ = {
			isa = XCBuildConfiguration;
			buildSettings = {
				ALWAYS_SEARCH_USER_PATHS = NO;
				ASSETCATALOG_COMPILER_GENERATE_SWIFT_ASSET_SYMBOL_EXTENSIONS = YES;
				CLANG_ANALYZER_NONNULL = YES;
				CLANG_ANALYZER_NUMBER_OBJECT_CONVERSION = YES_AGGRESSIVE;
				CLANG_CXX_LANGUAGE_STANDARD = "gnu++20";
				CLANG_ENABLE_MODULES = YES;
				CLANG_ENABLE_OBJC_ARC = YES;
				CLANG_ENABLE_OBJC_WEAK = YES;
				CLANG_WARN_BLOCK_CAPTURE_AUTORELEASING = YES;
				CLANG_WARN_BOOL_CONVERSION = YES;
				CLANG_WARN_COMMA = YES;
				CLANG_WARN_CONSTANT_CONVERSION = YES;
				CLANG_WARN_DEPRECATED_OBJC_IMPLEMENTATIONS = YES;
				CLANG_WARN_DIRECT_OBJC_ISA_USAGE = YES_ERROR;
				CLANG_WARN_DOCUMENTATION_COMMENTS = YES;
				CLANG_WARN_EMPTY_BODY = YES;
				CLANG_WARN_ENUM_CONVERSION = YES;
				CLANG_WARN_INFINITE_RECURSION = YES;
				CLANG_WARN_INT_CONVERSION = YES;
				CLANG_WARN_NON_LITERAL_NULL_CONVERSION = YES;
				CLANG_WARN_OBJC_IMPLICIT_RETAIN_SELF = YES;
				CLANG_WARN_OBJC_LITERAL_CONVERSION = YES;
				CLANG_WARN_OBJC_ROOT_CLASS = YES_ERROR;
				CLANG_WARN_QUOTED_INCLUDE_IN_FRAMEWORK_HEADER = YES;
				CLANG_WARN_RANGE_LOOP_ANALYSIS = YES;
				CLANG_WARN_STRICT_PROTOTYPES = YES;
				CLANG_WARN_SUSPICIOUS_MOVE = YES;
				CLANG_WARN_UNGUARDED_AVAILABILITY = YES_AGGRESSIVE;
				CLANG_WARN_UNREACHABLE_CODE = YES;
				CLANG_WARN__DUPLICATE_METHOD_MATCH = YES;
				COPY_PHASE_STRIP = NO;
				DEBUG_INFORMATION_FORMAT = dwarf;
				ENABLE_STRICT_OBJC_MSGSEND = YES;
				ENABLE_TESTABILITY = YES;
				ENABLE_USER_SCRIPT_SANDBOXING = YES;
				GCC_C_LANGUAGE_STANDARD = gnu17;
				GCC_DYNAMIC_NO_PIC = NO;
				GCC_NO_COMMON_BLOCKS = YES;
				GCC_OPTIMIZATION_LEVEL = 0;
				GCC_PREPROCESSOR_DEFINITIONS = (
					"DEBUG=1",
					"$(inherited)",
				);
				GCC_WARN_64_TO_32_BIT_CONVERSION = YES;
				GCC_WARN_ABOUT_RETURN_TYPE = YES_ERROR;
				GCC_WARN_UNDECLARED_SELECTOR = YES;
				GCC_WARN_UNINITIALIZED_AUTOS = YES_AGGRESSIVE;
				GCC_WARN_UNUSED_FUNCTION = YES;
				GCC_WARN_UNUSED_VARIABLE = YES;
				IPHONEOS_DEPLOYMENT_TARGET = 18.4;
				LOCALIZATION_PREFERS_STRING_CATALOGS = YES;
				MTL_ENABLE_DEBUG_INFO = INCLUDE_SOURCE;
				MTL_FAST_MATH = YES;
				ONLY_ACTIVE_ARCH = YES;
				SDKROOT = iphoneos;
				SWIFT_ACTIVE_COMPILATION_CONDITIONS = "DEBUG $(inherited)";
				SWIFT_OPTIMIZATION_LEVEL = "-Onone";
			};
			name = Debug;
		};
		D5D721812DAEF8C800A9818E /* Release */ = {
			isa = XCBuildConfiguration;
			buildSettings = {
				ALWAYS_SEARCH_USER_PATHS = NO;
				ASSETCATALOG_COMPILER_GENERATE_SWIFT_ASSET_SYMBOL_EXTENSIONS = YES;
				CLANG_ANALYZER_NONNULL = YES;
				CLANG_ANALYZER_NUMBER_OBJECT_CONVERSION = YES_AGGRESSIVE;
				CLANG_CXX_LANGUAGE_STANDARD = "gnu++20";
				CLANG_ENABLE_MODULES = YES;
				CLANG_ENABLE_OBJC_ARC = YES;
				CLANG_ENABLE_OBJC_WEAK = YES;
				CLANG_WARN_BLOCK_CAPTURE_AUTORELEASING = YES;
				CLANG_WARN_BOOL_CONVERSION = YES;
				CLANG_WARN_COMMA = YES;
				CLANG_WARN_CONSTANT_CONVERSION = YES;
				CLANG_WARN_DEPRECATED_OBJC_IMPLEMENTATIONS = YES;
				CLANG_WARN_DIRECT_OBJC_ISA_USAGE = YES_ERROR;
				CLANG_WARN_DOCUMENTATION_COMMENTS = YES;
				CLANG_WARN_EMPTY_BODY = YES;
				CLANG_WARN_ENUM_CONVERSION = YES;
				CLANG_WARN_INFINITE_RECURSION = YES;
				CLANG_WARN_INT_CONVERSION = YES;
				CLANG_WARN_NON_LITERAL_NULL_CONVERSION = YES;
				CLANG_WARN_OBJC_IMPLICIT_RETAIN_SELF = YES;
				CLANG_WARN_OBJC_LITERAL_CONVERSION = YES;
				CLANG_WARN_OBJC_ROOT_CLASS = YES_ERROR;
				CLANG_WARN_QUOTED_INCLUDE_IN_FRAMEWORK_HEADER = YES;
				CLANG_WARN_RANGE_LOOP_ANALYSIS = YES;
				CLANG_WARN_STRICT_PROTOTYPES = YES;
				CLANG_WARN_SUSPICIOUS_MOVE = YES;
				CLANG_WARN_UNGUARDED_AVAILABILITY = YES_AGGRESSIVE;
				CLANG_WARN_UNREACHABLE_CODE = YES;
				CLANG_WARN__DUPLICATE_METHOD_MATCH = YES;
				COPY_PHASE_STRIP = NO;
				DEBUG_INFORMATION_FORMAT = "dwarf-with-dsym";
				ENABLE_NS_ASSERTIONS = NO;
				ENABLE_STRICT_OBJC_MSGSEND = YES;
				ENABLE_USER_SCRIPT_SANDBOXING = YES;
				GCC_C_LANGUAGE_STANDARD = gnu17;
				GCC_NO_COMMON_BLOCKS = YES;
				GCC_WARN_64_TO_32_BIT_CONVERSION = YES;
				GCC_WARN_ABOUT_RETURN_TYPE = YES_ERROR;
				GCC_WARN_UNDECLARED_SELECTOR = YES;
				GCC_WARN_UNINITIALIZED_AUTOS = YES_AGGRESSIVE;
				GCC_WARN_UNUSED_FUNCTION = YES;
				GCC_WARN_UNUSED_VARIABLE = YES;
				IPHONEOS_DEPLOYMENT_TARGET = 18.4;
				LOCALIZATION_PREFERS_STRING_CATALOGS = YES;
				MTL_ENABLE_DEBUG_INFO = NO;
				MTL_FAST_MATH = YES;
				SDKROOT = iphoneos;
				SWIFT_COMPILATION_MODE = wholemodule;
				VALIDATE_PRODUCT = YES;
			};
			name = Release;
		};
		D5D721832DAEF8C800A9818E /* Debug */ = {
			isa = XCBuildConfiguration;
			buildSettings = {
				ASSETCATALOG_COMPILER_APPICON_NAME = AppIcon;
				ASSETCATALOG_COMPILER_GLOBAL_ACCENT_COLOR_NAME = AccentColor;
				CODE_SIGN_STYLE = Automatic;
				CURRENT_PROJECT_VERSION = 1;
				ENABLE_PREVIEWS = YES;
				GENERATE_INFOPLIST_FILE = YES;
				INFOPLIST_KEY_UIApplicationSceneManifest_Generation = YES;
				INFOPLIST_KEY_UIApplicationSupportsIndirectInputEvents = YES;
				INFOPLIST_KEY_UILaunchScreen_Generation = YES;
				INFOPLIST_KEY_UISupportedInterfaceOrientations_iPad = "UIInterfaceOrientationPortrait UIInterfaceOrientationPortraitUpsideDown UIInterfaceOrientationLandscapeLeft UIInterfaceOrientationLandscapeRight";
				INFOPLIST_KEY_UISupportedInterfaceOrientations_iPhone = "UIInterfaceOrientationPortrait UIInterfaceOrientationLandscapeLeft UIInterfaceOrientationLandscapeRight";
				LD_RUNPATH_SEARCH_PATHS = (
					"$(inherited)",
					"@executable_path/Frameworks",
				);
				MARKETING_VERSION = 1.0;
				PRODUCT_BUNDLE_IDENTIFIER = Mohammad.HW5Q5;
				PRODUCT_NAME = "$(TARGET_NAME)";
				SWIFT_EMIT_LOC_STRINGS = YES;
				SWIFT_VERSION = 5.0;
				TARGETED_DEVICE_FAMILY = "1,2";
			};
			name = Debug;
		};
		D5D721842DAEF8C800A9818E /* Release */ = {
			isa = XCBuildConfiguration;
			buildSettings = {
				ASSETCATALOG_COMPILER_APPICON_NAME = AppIcon;
				ASSETCATALOG_COMPILER_GLOBAL_ACCENT_COLOR_NAME = AccentColor;
				CODE_SIGN_STYLE = Automatic;
				CURRENT_PROJECT_VERSION = 1;
				ENABLE_PREVIEWS = YES;
				GENERATE_INFOPLIST_FILE = YES;
				INFOPLIST_KEY_UIApplicationSceneManifest_Generation = YES;
				INFOPLIST_KEY_UIApplicationSupportsIndirectInputEvents = YES;
				INFOPLIST_KEY_UILaunchScreen_Generation = YES;
				INFOPLIST_KEY_UISupportedInterfaceOrientations_iPad = "UIInterfaceOrientationPortrait UIInterfaceOrientationPortraitUpsideDown UIInterfaceOrientationLandscapeLeft UIInterfaceOrientationLandscapeRight";
				INFOPLIST_KEY_UISupportedInterfaceOrientations_iPhone = "UIInterfaceOrientationPortrait UIInterfaceOrientationLandscapeLeft UIInterfaceOrientationLandscapeRight";
				LD_RUNPATH_SEARCH_PATHS = (
					"$(inherited)",
					"@executable_path/Frameworks",
				);
				MARKETING_VERSION = 1.0;
				PRODUCT_BUNDLE_IDENTIFIER = Mohammad.HW5Q5;
				PRODUCT_NAME = "$(TARGET_NAME)";
				SWIFT_EMIT_LOC_STRINGS = YES;
				SWIFT_VERSION = 5.0;
				TARGETED_DEVICE_FAMILY = "1,2";
			};
			name = Release;
		};
		D5D721862DAEF8C800A9818E /* Debug */ = {
			isa = XCBuildConfiguration;
			buildSettings = {
				BUNDLE_LOADER = "$(TEST_HOST)";
				CODE_SIGN_STYLE = Automatic;
				CURRENT_PROJECT_VERSION = 1;
				GENERATE_INFOPLIST_FILE = YES;
				IPHONEOS_DEPLOYMENT_TARGET = 18.4;
				MARKETING_VERSION = 1.0;
				PRODUCT_BUNDLE_IDENTIFIER = Mohammad.HW5Q5Tests;
				PRODUCT_NAME = "$(TARGET_NAME)";
				SWIFT_EMIT_LOC_STRINGS = NO;
				SWIFT_VERSION = 5.0;
				TARGETED_DEVICE_FAMILY = "1,2";
				TEST_HOST = "$(BUILT_PRODUCTS_DIR)/HW5Q5.app/$(BUNDLE_EXECUTABLE_FOLDER_PATH)/HW5Q5";
			};
			name = Debug;
		};
		D5D721872DAEF8C800A9818E /* Release */ = {
			isa = XCBuildConfiguration;
			buildSettings = {
				BUNDLE_LOADER = "$(TEST_HOST)";
				CODE_SIGN_STYLE = Automatic;
				CURRENT_PROJECT_VERSION = 1;
				GENERATE_INFOPLIST_FILE = YES;
				IPHONEOS_DEPLOYMENT_TARGET = 18.4;
				MARKETING_VERSION = 1.0;
				PRODUCT_BUNDLE_IDENTIFIER = Mohammad.HW5Q5Tests;
				PRODUCT_NAME = "$(TARGET_NAME)";
				SWIFT_EMIT_LOC_STRINGS = NO;
				SWIFT_VERSION = 5.0;
				TARGETED_DEVICE_FAMILY = "1,2";
				TEST_HOST = "$(BUILT_PRODUCTS_DIR)/HW5Q5.app/$(BUNDLE_EXECUTABLE_FOLDER_PATH)/HW5Q5";
			};
			name = Release;
		};
		D5D721892DAEF8C800A9818E /* Debug */ = {
			isa = XCBuildConfiguration;
			buildSettings = {
				CODE_SIGN_STYLE = Automatic;
				CURRENT_PROJECT_VERSION = 1;
				GENERATE_INFOPLIST_FILE = YES;
				MARKETING_VERSION = 1.0;
				PRODUCT_BUNDLE_IDENTIFIER = Mohammad.HW5Q5UITests;
				PRODUCT_NAME = "$(TARGET_NAME)";
				SWIFT_EMIT_LOC_STRINGS = NO;
				SWIFT_VERSION = 5.0;
				TARGETED_DEVICE_FAMILY = "1,2";
				TEST_TARGET_NAME = HW5Q5;
			};
			name = Debug;
		};
		D5D7218A2DAEF8C800A9818E /* Release */ = {
			isa = XCBuildConfiguration;
			buildSettings = {
				CODE_SIGN_STYLE = Automatic;
				CURRENT_PROJECT_VERSION = 1;
				GENERATE_INFOPLIST_FILE = YES;
				MARKETING_VERSION = 1.0;
				PRODUCT_BUNDLE_IDENTIFIER = Mohammad.HW5Q5UITests;
				PRODUCT_NAME = "$(TARGET_NAME)";
				SWIFT_EMIT_LOC_STRINGS = NO;
				SWIFT_VERSION = 5.0;
				TARGETED_DEVICE_FAMILY = "1,2";
				TEST_TARGET_NAME = HW5Q5;
			};
			name = Release;
		};
/* End XCBuildConfiguration section */

/* Begin XCConfigurationList section */
		D5D7215C2DAEF8C300A9818E /* Build configuration list for PBXProject "HW5Q5" */ = {
			isa = XCConfigurationList;
			buildConfigurations = (
				D5D721802DAEF8C800A9818E /* Debug */,
				D5D721812DAEF8C800A9818E /* Release */,
			);
			defaultConfigurationIsVisible = 0;
			defaultConfigurationName = Release;
		};
		D5D721822DAEF8C800A9818E /* Build configuration list for PBXNativeTarget "HW5Q5" */ = {
			isa = XCConfigurationList;
			buildConfigurations = (
				D5D721832DAEF8C800A9818E /* Debug */,
				D5D721842DAEF8C800A9818E /* Release */,
			);
			defaultConfigurationIsVisible = 0;
			defaultConfigurationName = Release;
		};
		D5D721852DAEF8C800A9818E /* Build configuration list for PBXNativeTarget "HW5Q5Tests" */ = {
			isa = XCConfigurationList;
			buildConfigurations = (
				D5D721862DAEF8C800A9818E /* Debug */,
				D5D721872DAEF8C800A9818E /* Release */,
			);
			defaultConfigurationIsVisible = 0;
			defaultConfigurationName = Release;
		};
		D5D721882DAEF8C800A9818E /* Build configuration list for PBXNativeTarget "HW5Q5UITests" */ = {
			isa = XCConfigurationList;
			buildConfigurations = (
				D5D721892DAEF8C800A9818E /* Debug */,
				D5D7218A2DAEF8C800A9818E /* Release */,
			);
			defaultConfigurationIsVisible = 0;
			defaultConfigurationName = Release;
		};
/* End XCConfigurationList section */
	};
	rootObject = D5D721592DAEF8C300A9818E /* Project object */;
}
